
Microsoft Visual Studio Solution File, Format Version 12.00
# Visual Studio Version 17
VisualStudioVersion = 17.10.35122.118
MinimumVisualStudioVersion = 10.0.40219.1
Project("{9A19103F-16F7-4668-BE54-9A1E7A4F7556}") = "Monsky.Fake", "Monsky.Fake\Monsky.Fake.csproj", "{7CEBE132-A35F-4779-B923-FE774F75B6E1}"
EndProject
Project("{9A19103F-16F7-4668-BE54-9A1E7A4F7556}") = "Monsky.Fake.Tests", "Monsky.Fake.Tests\Monsky.Fake.Tests.csproj", "{BB5A8E1B-1D6A-4B02-A421-D5C03B8EA5D6}"
EndProject
Global
	GlobalSection(SolutionConfigurationPlatforms) = preSolution
		Debug|Any CPU = Debug|Any CPU
		Release|Any CPU = Release|Any CPU
	EndGlobalSection
	GlobalSection(ProjectConfigurationPlatforms) = postSolution
		{7CEBE132-A35F-4779-B923-FE774F75B6E1}.Debug|Any CPU.ActiveCfg = Debug|Any CPU
		{7CEBE132-A35F-4779-B923-FE774F75B6E1}.Debug|Any CPU.Build.0 = Debug|Any CPU
		{7CEBE132-A35F-4779-B923-FE774F75B6E1}.Release|Any CPU.ActiveCfg = Release|Any CPU
		{7CEBE132-A35F-4779-B923-FE774F75B6E1}.Release|Any CPU.Build.0 = Release|Any CPU
		{BB5A8E1B-1D6A-4B02-A421-D5C03B8EA5D6}.Debug|Any CPU.ActiveCfg = Debug|Any CPU
		{BB5A8E1B-1D6A-4B02-A421-D5C03B8EA5D6}.Debug|Any CPU.Build.0 = Debug|Any CPU
		{BB5A8E1B-1D6A-4B02-A421-D5C03B8EA5D6}.Release|Any CPU.ActiveCfg = Release|Any CPU
		{BB5A8E1B-1D6A-4B02-A421-D5C03B8EA5D6}.Release|Any CPU.Build.0 = Release|Any CPU
	EndGlobalSection
	GlobalSection(SolutionProperties) = preSolution
		HideSolutionNode = FALSE
	EndGlobalSection
	GlobalSection(ExtensibilityGlobals) = postSolution
		SolutionGuid = {91FF30A0-8E0B-46A1-987C-FB35562AAB0B}
	EndGlobalSection
EndGlobal
